// !$*UTF8*$!
{
	archiveVersion = 1;
	classes = {
	};
	objectVersion = 77;
	objects = {

/* Begin PBXBuildFile section */
		0695BA95228327ED6B9CF4F2 /* ConnectionsSettingsView.swift in Sources */ = {isa = PBXBuildFile; fileRef = 631C8786EE9C1D67FD8FA755 /* ConnectionsSettingsView.swift */; };
		0AF20F14570F1E9D03E0565F /* MCP in Frameworks */ = {isa = PBXBuildFile; productRef = 596262882E81BC8276FF8A1C /* MCP */; };
		0D008BCB194602204D0C64A9 /* IndexingService.swift in Sources */ = {isa = PBXBuildFile; fileRef = F439352E837668B9B59A2E46 /* IndexingService.swift */; };
		11B373378D6DBB249CEC31C3 /* WebAuthenticator.swift in Sources */ = {isa = PBXBuildFile; fileRef = 4F3CDDA22321487AD879D447 /* WebAuthenticator.swift */; };
		1324C5E3ADC33FF0425EFA57 /* ModelDetailView.swift in Sources */ = {isa = PBXBuildFile; fileRef = 0DA9DBB3778A7C4F2CD97628 /* ModelDetailView.swift */; };
		13303803B2ECCA011DA0A5E3 /* OAuthTokenVault.swift in Sources */ = {isa = PBXBuildFile; fileRef = 060B120B87BC77565BF326EA /* OAuthTokenVault.swift */; };
		209DBCAAEC7AC3B0B202F34F /* ModelSwitchOverlay.swift in Sources */ = {isa = PBXBuildFile; fileRef = 9E18F8B7D3BD399B93F5796B /* ModelSwitchOverlay.swift */; };
		21D4735C90E1CF1E706DB704 /* Assets.xcassets in Resources */ = {isa = PBXBuildFile; fileRef = A3A0AD7E65BF899CC685E2E1 /* Assets.xcassets */; };
		248C83212AEAB5CAA0B6AD0C /* ChatTemplate.swift in Sources */ = {isa = PBXBuildFile; fileRef = 96C5EA71ECB9F18CE8B27D51 /* ChatTemplate.swift */; };
		2F1FB7B6710711EF91932A75 /* KnowledgeBaseStore.swift in Sources */ = {isa = PBXBuildFile; fileRef = 8E5C0E4F8BBAB0D1E7BECAAF /* KnowledgeBaseStore.swift */; };
		31257027A53A583EE159EB5D /* AboutView.swift in Sources */ = {isa = PBXBuildFile; fileRef = F24C662B2C5A20A6402C1184 /* AboutView.swift */; };
		3C614316CD9B5FC005C55B2B /* OnboardingPreferences.swift in Sources */ = {isa = PBXBuildFile; fileRef = 2F9A777F4818406FD16DF8CC /* OnboardingPreferences.swift */; };
		3D547C3E4E72D797571F20DC /* DownloadConfirmSheet.swift in Sources */ = {isa = PBXBuildFile; fileRef = B8C5404C814C06578433A9FC /* DownloadConfirmSheet.swift */; };
		3F586939FFC96FB97BBFD0B0 /* DownloadManagerTests.swift in Sources */ = {isa = PBXBuildFile; fileRef = FE4FBA9E4466E75892E9759E /* DownloadManagerTests.swift */; };
		476FACD14C04A7EBDB7FE5EB /* LokalUITests.swift in Sources */ = {isa = PBXBuildFile; fileRef = F360DC4F7A44DAB375FFA43C /* LokalUITests.swift */; };
		49662C667A15F5FAEAF1E419 /* OnboardingFlow.swift in Sources */ = {isa = PBXBuildFile; fileRef = EF28A6EBB73999FB08FD3E7A /* OnboardingFlow.swift */; };
		49CE1E9B56EB4C118A044C4A /* SettingsSheet.swift in Sources */ = {isa = PBXBuildFile; fileRef = FFAA7A518B5E64312A4A1768 /* SettingsSheet.swift */; };
		51A028A2402BCD73924D28C7 /* Beat1SternenwortView.swift in Sources */ = {isa = PBXBuildFile; fileRef = 0AFAF9A49728A152966F58E2 /* Beat1SternenwortView.swift */; };
		561EFC0C8490C3AC2037B649 /* LlamaEngine.swift in Sources */ = {isa = PBXBuildFile; fileRef = 16D0FBA43A69AA55CCBAD046 /* LlamaEngine.swift */; };
		564C890859C180765AB847B4 /* ModelPickerSheet.swift in Sources */ = {isa = PBXBuildFile; fileRef = 20E4454CAAF7F410F2290C50 /* ModelPickerSheet.swift */; };
		5692990516831566E9FBFC59 /* MessageBubble.swift in Sources */ = {isa = PBXBuildFile; fileRef = D7DE9F32B174CE54BC3B49AE /* MessageBubble.swift */; };
		5A7E17D8081F7817BF4A190B /* AddSourceSheet.swift in Sources */ = {isa = PBXBuildFile; fileRef = 3107C3639B107EC59DCB9B92 /* AddSourceSheet.swift */; };
		5DEA53E00234EA0DEC167B54 /* LlamaEngineStopStringTests.swift in Sources */ = {isa = PBXBuildFile; fileRef = 4606D94BCB9F10D2B174F58E /* LlamaEngineStopStringTests.swift */; };
		5EA60D780C4DE8F2F403083D /* llama.xcframework in Frameworks */ = {isa = PBXBuildFile; fileRef = 3C3DAFED611B9B874EEB6B3E /* llama.xcframework */; };
		6218EBA51E1E8A0EA11B5CF9 /* VectorStore.swift in Sources */ = {isa = PBXBuildFile; fileRef = EFCF75EA4554FBCB2E571CAF /* VectorStore.swift */; };
		63BD6188AADA5DDD48D25E6E /* Chunker.swift in Sources */ = {isa = PBXBuildFile; fileRef = 9AE8A9E933DA43A200CA1F85 /* Chunker.swift */; };
		65CF6EB530A799D3358D5F25 /* FileLog.swift in Sources */ = {isa = PBXBuildFile; fileRef = 479088E34650AA0D88456A3F /* FileLog.swift */; };
		6C481564890BB778C1A101EF /* RootView.swift in Sources */ = {isa = PBXBuildFile; fileRef = 59D9F2F7ED6B66368D89EC57 /* RootView.swift */; };
		6CEFF3925BCBFD42327B5681 /* V4_Tokens.swift in Sources */ = {isa = PBXBuildFile; fileRef = AF3CEAC7CEB69CFC6DF6B3B1 /* V4_Tokens.swift */; };
		6D2056239C0A7224F56BD95B /* CitationView.swift in Sources */ = {isa = PBXBuildFile; fileRef = DB001BA1487BB35B006E006F /* CitationView.swift */; };
		6EDDB4C29BDF76DF3AB0A757 /* ChatStore.swift in Sources */ = {isa = PBXBuildFile; fileRef = 1CC044E3766456594DD98269 /* ChatStore.swift */; };
		714C03BF3E82692685C8F2BD /* Beat1Animator.swift in Sources */ = {isa = PBXBuildFile; fileRef = 280B09DA4CF9B3BE004DD436 /* Beat1Animator.swift */; };
		730076DA9433F7E92F3F36A1 /* EmbeddingDownloader.swift in Sources */ = {isa = PBXBuildFile; fileRef = 2423A596782F8D57D62E8C21 /* EmbeddingDownloader.swift */; };
		779D6A50242011E767AB7F87 /* GoogleDriveOAuth.swift in Sources */ = {isa = PBXBuildFile; fileRef = 3BCB2BCD745037ADC1E14511 /* GoogleDriveOAuth.swift */; };
		7CBBBB01895A31D059B090B5 /* PKCE.swift in Sources */ = {isa = PBXBuildFile; fileRef = 48E7A058321856FB44E63B74 /* PKCE.swift */; };
		7E7B084CAC490C1348BEC782 /* EmbeddingModelSetupView.swift in Sources */ = {isa = PBXBuildFile; fileRef = EFD098F15F0E96E4357462DB /* EmbeddingModelSetupView.swift */; };
		82680B4B07C933990D73BDB5 /* LibraryView.swift in Sources */ = {isa = PBXBuildFile; fileRef = 2F70492DF72EE0983EB328CF /* LibraryView.swift */; };
		8505AA6DAD6F32CE1375189F /* ChatView.swift in Sources */ = {isa = PBXBuildFile; fileRef = 38412EBD2EE1559081A5B64C /* ChatView.swift */; };
		913279F6E4650A68D1CBA1E2 /* EmbeddingModelStore.swift in Sources */ = {isa = PBXBuildFile; fileRef = C9A563F8262C0EA848592717 /* EmbeddingModelStore.swift */; };
		914BC7ED87D5ACCDF53360AD /* LlamaEngineEdgeCaseTests.swift in Sources */ = {isa = PBXBuildFile; fileRef = 319CB23794BEC78A4D5C6229 /* LlamaEngineEdgeCaseTests.swift */; };
		93988634713A6FD6128FBE95 /* GitHubOAuth.swift in Sources */ = {isa = PBXBuildFile; fileRef = 000A9BBE10AFA045FE88B646 /* GitHubOAuth.swift */; };
		9421A44BEF31581A49C653A3 /* Accelerate.framework in Frameworks */ = {isa = PBXBuildFile; fileRef = 2B2F92476965AE6180081BA8 /* Accelerate.framework */; };
		962D6CD7A06EAB8AB5D5A648 /* InferenceSmokeTests.swift in Sources */ = {isa = PBXBuildFile; fileRef = 668B5889248D6A24022C05C0 /* InferenceSmokeTests.swift */; };
		9CD8C5EC447FE1D5F94C8A2D /* llama.xcframework in Embed Frameworks */ = {isa = PBXBuildFile; fileRef = 3C3DAFED611B9B874EEB6B3E /* llama.xcframework */; settings = {ATTRIBUTES = (CodeSignOnCopy, RemoveHeadersOnCopy, ); }; };
		9DC62D625CBB5D1DBCE2BFAB /* PrivacyInfo.xcprivacy in Resources */ = {isa = PBXBuildFile; fileRef = 0D943D4FC0E438403382E146 /* PrivacyInfo.xcprivacy */; };
		A9A7EE132BB0C0C029F271B4 /* ToolCallParser.swift in Sources */ = {isa = PBXBuildFile; fileRef = 76C590C80F21C9E8E46C331E /* ToolCallParser.swift */; };
		ADAECF6980D956FD23C8BD57 /* MCPClientService.swift in Sources */ = {isa = PBXBuildFile; fileRef = 8E974E926945CB2040F4AFE3 /* MCPClientService.swift */; };
		B23B6AE10A01B941536AA772 /* ModelEntry.swift in Sources */ = {isa = PBXBuildFile; fileRef = AB8448B535222318CAD778D7 /* ModelEntry.swift */; };
		B3940701FA40CD51F54C005B /* MCPServerListView.swift in Sources */ = {isa = PBXBuildFile; fileRef = 7C66AE09CF5EE89A7D87B96B /* MCPServerListView.swift */; };
		B9D141B3FE6752B3E0CF4C52 /* V2_Konstellation.swift in Sources */ = {isa = PBXBuildFile; fileRef = 71D600BEE1894DD5EB50A585 /* V2_Konstellation.swift */; };
		BBF5E0E4ABA3A82C88DDA6B6 /* LlamaEngineTests.swift in Sources */ = {isa = PBXBuildFile; fileRef = 2DE86296420EA04D828224D9 /* LlamaEngineTests.swift */; };
		BE774DAB753BE639D4138C90 /* MCPStore.swift in Sources */ = {isa = PBXBuildFile; fileRef = 4CF22A7CEF4957A6878F70B1 /* MCPStore.swift */; };
		C04D8DC92D81B9B833A00767 /* ModelCatalog.swift in Sources */ = {isa = PBXBuildFile; fileRef = 2C875722D9E4B5F713822E94 /* ModelCatalog.swift */; };
		C3B743967295C7DC59A771F3 /* Beat2EinstellungenView.swift in Sources */ = {isa = PBXBuildFile; fileRef = CFB5C317CA373E3ABFFFCE8C /* Beat2EinstellungenView.swift */; };
		C41446C39E970FA2EDF67D74 /* LokalApp.swift in Sources */ = {isa = PBXBuildFile; fileRef = 2F0ABDB42D91B77EE4E69E68 /* LokalApp.swift */; };
		C6B6A2AD3569665D5CB93B96 /* Message.swift in Sources */ = {isa = PBXBuildFile; fileRef = 89AC14F3C0CBD86C081BDDAB /* Message.swift */; };
		C8D5D31B148E9A6EF5A1A7D9 /* ConnectionStore.swift in Sources */ = {isa = PBXBuildFile; fileRef = 7B6198FDD73B6A6FF14E57E5 /* ConnectionStore.swift */; };
		C8D6B261C0E705BAAC853958 /* MetalKit.framework in Frameworks */ = {isa = PBXBuildFile; fileRef = 41A7F6B4DC0D071CF7392915 /* MetalKit.framework */; };
		D00ECA0FBABBFBB75C20C0F4 /* ModelStore.swift in Sources */ = {isa = PBXBuildFile; fileRef = E0EEBF16DD761833CE071C3C /* ModelStore.swift */; };
		D1A871D4995E4CF7C1CB81DF /* USearch in Frameworks */ = {isa = PBXBuildFile; productRef = DEE699E2BFB5F8235589350B /* USearch */; };
		D207BF88F31818E8B6D6D243 /* ChunkStore.swift in Sources */ = {isa = PBXBuildFile; fileRef = C27C18DB64D574D1F764A779 /* ChunkStore.swift */; };
		D26EB2054BF0A96959A2131E /* DownloadManager.swift in Sources */ = {isa = PBXBuildFile; fileRef = BF46CCA3A3C641B139A60DF2 /* DownloadManager.swift */; };
		D3480EE31BADF43F9304F6F0 /* EmbeddingModel.swift in Sources */ = {isa = PBXBuildFile; fileRef = D50F802DF06392C4F0C055DA /* EmbeddingModel.swift */; };
		D579FFA4628FC000C0980955 /* DocumentExtractor.swift in Sources */ = {isa = PBXBuildFile; fileRef = EB1713A1BF156CF3A85F0FC6 /* DocumentExtractor.swift */; };
		E3CBE37899E355D1D4FB1E41 /* LlamaEmbeddingEngine.swift in Sources */ = {isa = PBXBuildFile; fileRef = 2F4CCB4145F35B30AB595A91 /* LlamaEmbeddingEngine.swift */; };
		E46AE130FE040167CCCBB9AB /* V3_Brief.swift in Sources */ = {isa = PBXBuildFile; fileRef = 2783D2D8D039CEB42C91BBD1 /* V3_Brief.swift */; };
		E8F29B8B92D91A27A4C80A73 /* KeychainAccess in Frameworks */ = {isa = PBXBuildFile; productRef = 9C95438A4D41AC453D424AAC /* KeychainAccess */; };
		E942B8512F024AEDF441FCDF /* LicensesView.swift in Sources */ = {isa = PBXBuildFile; fileRef = 7D8E08ED0A945DF166283220 /* LicensesView.swift */; };
		F02D5579756692F35CD4DC98 /* KnowledgeView.swift in Sources */ = {isa = PBXBuildFile; fileRef = D2485A34FD661FF832A4A3DD /* KnowledgeView.swift */; };
		F863B901697C5AF6C40E4676 /* V1_Atemzug.swift in Sources */ = {isa = PBXBuildFile; fileRef = F7DE319E6508E05150786AD2 /* V1_Atemzug.swift */; };
		FB167F6EC7717193BDFDC775 /* KnowledgeBase.swift in Sources */ = {isa = PBXBuildFile; fileRef = 4F0988007C61D43253FCC3D5 /* KnowledgeBase.swift */; };
		FDAEE53CC8163F0C9127338F /* Metal.framework in Frameworks */ = {isa = PBXBuildFile; fileRef = 97CE37939AEA649153B4B965 /* Metal.framework */; };
		FF0D2E235B7975ED60826A33 /* OneDriveOAuth.swift in Sources */ = {isa = PBXBuildFile; fileRef = C0B484C2A8D1F657BFFE6914 /* OneDriveOAuth.swift */; };
		FFC8FD70301F244187370E03 /* V5_Lichtschalter.swift in Sources */ = {isa = PBXBuildFile; fileRef = BA9E5582FFBD6F2A8F448FB6 /* V5_Lichtschalter.swift */; };
/* End PBXBuildFile section */

/* Begin PBXContainerItemProxy section */
		A4DD8238D4CB92A33076021B /* PBXContainerItemProxy */ = {
			isa = PBXContainerItemProxy;
			containerPortal = DEBA2D49AF9D6B0E44EEF531 /* Project object */;
			proxyType = 1;
			remoteGlobalIDString = 4229C56BE2303845B23B174C;
			remoteInfo = Lokal;
		};
		E1DEF75F9079604508CD31EB /* PBXContainerItemProxy */ = {
			isa = PBXContainerItemProxy;
			containerPortal = DEBA2D49AF9D6B0E44EEF531 /* Project object */;
			proxyType = 1;
			remoteGlobalIDString = 4229C56BE2303845B23B174C;
			remoteInfo = Lokal;
		};
/* End PBXContainerItemProxy section */

/* Begin PBXCopyFilesBuildPhase section */
		C76E4052CC08CB6C1FDCE4CA /* Embed Frameworks */ = {
			isa = PBXCopyFilesBuildPhase;
			buildActionMask = 2147483647;
			dstPath = "";
			dstSubfolderSpec = 10;
			files = (
				9CD8C5EC447FE1D5F94C8A2D /* llama.xcframework in Embed Frameworks */,
			);
			name = "Embed Frameworks";
			runOnlyForDeploymentPostprocessing = 0;
		};
/* End PBXCopyFilesBuildPhase section */

/* Begin PBXFileReference section */
		000A9BBE10AFA045FE88B646 /* GitHubOAuth.swift */ = {isa = PBXFileReference; lastKnownFileType = sourcecode.swift; path = GitHubOAuth.swift; sourceTree = "<group>"; };
		060B120B87BC77565BF326EA /* OAuthTokenVault.swift */ = {isa = PBXFileReference; lastKnownFileType = sourcecode.swift; path = OAuthTokenVault.swift; sourceTree = "<group>"; };
		0AFAF9A49728A152966F58E2 /* Beat1SternenwortView.swift */ = {isa = PBXFileReference; lastKnownFileType = sourcecode.swift; path = Beat1SternenwortView.swift; sourceTree = "<group>"; };
		0D943D4FC0E438403382E146 /* PrivacyInfo.xcprivacy */ = {isa = PBXFileReference; path = PrivacyInfo.xcprivacy; sourceTree = "<group>"; };
		0DA9DBB3778A7C4F2CD97628 /* ModelDetailView.swift */ = {isa = PBXFileReference; lastKnownFileType = sourcecode.swift; path = ModelDetailView.swift; sourceTree = "<group>"; };
		16D0FBA43A69AA55CCBAD046 /* LlamaEngine.swift */ = {isa = PBXFileReference; lastKnownFileType = sourcecode.swift; path = LlamaEngine.swift; sourceTree = "<group>"; };
		1CC044E3766456594DD98269 /* ChatStore.swift */ = {isa = PBXFileReference; lastKnownFileType = sourcecode.swift; path = ChatStore.swift; sourceTree = "<group>"; };
		20E4454CAAF7F410F2290C50 /* ModelPickerSheet.swift */ = {isa = PBXFileReference; lastKnownFileType = sourcecode.swift; path = ModelPickerSheet.swift; sourceTree = "<group>"; };
		2423A596782F8D57D62E8C21 /* EmbeddingDownloader.swift */ = {isa = PBXFileReference; lastKnownFileType = sourcecode.swift; path = EmbeddingDownloader.swift; sourceTree = "<group>"; };
		2783D2D8D039CEB42C91BBD1 /* V3_Brief.swift */ = {isa = PBXFileReference; lastKnownFileType = sourcecode.swift; path = V3_Brief.swift; sourceTree = "<group>"; };
		280B09DA4CF9B3BE004DD436 /* Beat1Animator.swift */ = {isa = PBXFileReference; lastKnownFileType = sourcecode.swift; path = Beat1Animator.swift; sourceTree = "<group>"; };
		2B2F92476965AE6180081BA8 /* Accelerate.framework */ = {isa = PBXFileReference; lastKnownFileType = wrapper.framework; name = Accelerate.framework; path = System/Library/Frameworks/Accelerate.framework; sourceTree = SDKROOT; };
		2C875722D9E4B5F713822E94 /* ModelCatalog.swift */ = {isa = PBXFileReference; lastKnownFileType = sourcecode.swift; path = ModelCatalog.swift; sourceTree = "<group>"; };
		2DE86296420EA04D828224D9 /* LlamaEngineTests.swift */ = {isa = PBXFileReference; lastKnownFileType = sourcecode.swift; path = LlamaEngineTests.swift; sourceTree = "<group>"; };
		2F0ABDB42D91B77EE4E69E68 /* LokalApp.swift */ = {isa = PBXFileReference; lastKnownFileType = sourcecode.swift; path = LokalApp.swift; sourceTree = "<group>"; };
		2F4CCB4145F35B30AB595A91 /* LlamaEmbeddingEngine.swift */ = {isa = PBXFileReference; lastKnownFileType = sourcecode.swift; path = LlamaEmbeddingEngine.swift; sourceTree = "<group>"; };
		2F70492DF72EE0983EB328CF /* LibraryView.swift */ = {isa = PBXFileReference; lastKnownFileType = sourcecode.swift; path = LibraryView.swift; sourceTree = "<group>"; };
		2F9A777F4818406FD16DF8CC /* OnboardingPreferences.swift */ = {isa = PBXFileReference; lastKnownFileType = sourcecode.swift; path = OnboardingPreferences.swift; sourceTree = "<group>"; };
		3107C3639B107EC59DCB9B92 /* AddSourceSheet.swift */ = {isa = PBXFileReference; lastKnownFileType = sourcecode.swift; path = AddSourceSheet.swift; sourceTree = "<group>"; };
		319CB23794BEC78A4D5C6229 /* LlamaEngineEdgeCaseTests.swift */ = {isa = PBXFileReference; lastKnownFileType = sourcecode.swift; path = LlamaEngineEdgeCaseTests.swift; sourceTree = "<group>"; };
		38412EBD2EE1559081A5B64C /* ChatView.swift */ = {isa = PBXFileReference; lastKnownFileType = sourcecode.swift; path = ChatView.swift; sourceTree = "<group>"; };
		3BCB2BCD745037ADC1E14511 /* GoogleDriveOAuth.swift */ = {isa = PBXFileReference; lastKnownFileType = sourcecode.swift; path = GoogleDriveOAuth.swift; sourceTree = "<group>"; };
		3C3DAFED611B9B874EEB6B3E /* llama.xcframework */ = {isa = PBXFileReference; lastKnownFileType = wrapper.xcframework; name = llama.xcframework; path = Frameworks/llama.xcframework; sourceTree = "<group>"; };
		41A7F6B4DC0D071CF7392915 /* MetalKit.framework */ = {isa = PBXFileReference; lastKnownFileType = wrapper.framework; name = MetalKit.framework; path = System/Library/Frameworks/MetalKit.framework; sourceTree = SDKROOT; };
		4606D94BCB9F10D2B174F58E /* LlamaEngineStopStringTests.swift */ = {isa = PBXFileReference; lastKnownFileType = sourcecode.swift; path = LlamaEngineStopStringTests.swift; sourceTree = "<group>"; };
		479088E34650AA0D88456A3F /* FileLog.swift */ = {isa = PBXFileReference; lastKnownFileType = sourcecode.swift; path = FileLog.swift; sourceTree = "<group>"; };
		48E7A058321856FB44E63B74 /* PKCE.swift */ = {isa = PBXFileReference; lastKnownFileType = sourcecode.swift; path = PKCE.swift; sourceTree = "<group>"; };
		4CF22A7CEF4957A6878F70B1 /* MCPStore.swift */ = {isa = PBXFileReference; lastKnownFileType = sourcecode.swift; path = MCPStore.swift; sourceTree = "<group>"; };
		4F0988007C61D43253FCC3D5 /* KnowledgeBase.swift */ = {isa = PBXFileReference; lastKnownFileType = sourcecode.swift; path = KnowledgeBase.swift; sourceTree = "<group>"; };
		4F3CDDA22321487AD879D447 /* WebAuthenticator.swift */ = {isa = PBXFileReference; lastKnownFileType = sourcecode.swift; path = WebAuthenticator.swift; sourceTree = "<group>"; };
		59D9F2F7ED6B66368D89EC57 /* RootView.swift */ = {isa = PBXFileReference; lastKnownFileType = sourcecode.swift; path = RootView.swift; sourceTree = "<group>"; };
		631C8786EE9C1D67FD8FA755 /* ConnectionsSettingsView.swift */ = {isa = PBXFileReference; lastKnownFileType = sourcecode.swift; path = ConnectionsSettingsView.swift; sourceTree = "<group>"; };
		63CDD5924D02EA73B190D57B /* LokalTests.xctest */ = {isa = PBXFileReference; includeInIndex = 0; lastKnownFileType = wrapper.cfbundle; path = LokalTests.xctest; sourceTree = BUILT_PRODUCTS_DIR; };
		668B5889248D6A24022C05C0 /* InferenceSmokeTests.swift */ = {isa = PBXFileReference; lastKnownFileType = sourcecode.swift; path = InferenceSmokeTests.swift; sourceTree = "<group>"; };
		71D600BEE1894DD5EB50A585 /* V2_Konstellation.swift */ = {isa = PBXFileReference; lastKnownFileType = sourcecode.swift; path = V2_Konstellation.swift; sourceTree = "<group>"; };
		76C590C80F21C9E8E46C331E /* ToolCallParser.swift */ = {isa = PBXFileReference; lastKnownFileType = sourcecode.swift; path = ToolCallParser.swift; sourceTree = "<group>"; };
		7B6198FDD73B6A6FF14E57E5 /* ConnectionStore.swift */ = {isa = PBXFileReference; lastKnownFileType = sourcecode.swift; path = ConnectionStore.swift; sourceTree = "<group>"; };
		7C66AE09CF5EE89A7D87B96B /* MCPServerListView.swift */ = {isa = PBXFileReference; lastKnownFileType = sourcecode.swift; path = MCPServerListView.swift; sourceTree = "<group>"; };
		7D8E08ED0A945DF166283220 /* LicensesView.swift */ = {isa = PBXFileReference; lastKnownFileType = sourcecode.swift; path = LicensesView.swift; sourceTree = "<group>"; };
		89AC14F3C0CBD86C081BDDAB /* Message.swift */ = {isa = PBXFileReference; lastKnownFileType = sourcecode.swift; path = Message.swift; sourceTree = "<group>"; };
		8E5C0E4F8BBAB0D1E7BECAAF /* KnowledgeBaseStore.swift */ = {isa = PBXFileReference; lastKnownFileType = sourcecode.swift; path = KnowledgeBaseStore.swift; sourceTree = "<group>"; };
		8E974E926945CB2040F4AFE3 /* MCPClientService.swift */ = {isa = PBXFileReference; lastKnownFileType = sourcecode.swift; path = MCPClientService.swift; sourceTree = "<group>"; };
		96C5EA71ECB9F18CE8B27D51 /* ChatTemplate.swift */ = {isa = PBXFileReference; lastKnownFileType = sourcecode.swift; path = ChatTemplate.swift; sourceTree = "<group>"; };
		97CE37939AEA649153B4B965 /* Metal.framework */ = {isa = PBXFileReference; lastKnownFileType = wrapper.framework; name = Metal.framework; path = System/Library/Frameworks/Metal.framework; sourceTree = SDKROOT; };
		9AE8A9E933DA43A200CA1F85 /* Chunker.swift */ = {isa = PBXFileReference; lastKnownFileType = sourcecode.swift; path = Chunker.swift; sourceTree = "<group>"; };
		9E18F8B7D3BD399B93F5796B /* ModelSwitchOverlay.swift */ = {isa = PBXFileReference; lastKnownFileType = sourcecode.swift; path = ModelSwitchOverlay.swift; sourceTree = "<group>"; };
		A3A0AD7E65BF899CC685E2E1 /* Assets.xcassets */ = {isa = PBXFileReference; lastKnownFileType = folder.assetcatalog; path = Assets.xcassets; sourceTree = "<group>"; };
		AB8448B535222318CAD778D7 /* ModelEntry.swift */ = {isa = PBXFileReference; lastKnownFileType = sourcecode.swift; path = ModelEntry.swift; sourceTree = "<group>"; };
		AF3CEAC7CEB69CFC6DF6B3B1 /* V4_Tokens.swift */ = {isa = PBXFileReference; lastKnownFileType = sourcecode.swift; path = V4_Tokens.swift; sourceTree = "<group>"; };
		B5415EF58A37CFA08013E41C /* Lokal.app */ = {isa = PBXFileReference; includeInIndex = 0; lastKnownFileType = wrapper.application; path = Lokal.app; sourceTree = BUILT_PRODUCTS_DIR; };
		B8C5404C814C06578433A9FC /* DownloadConfirmSheet.swift */ = {isa = PBXFileReference; lastKnownFileType = sourcecode.swift; path = DownloadConfirmSheet.swift; sourceTree = "<group>"; };
		BA95DAD5902062C863199CAF /* Info.plist */ = {isa = PBXFileReference; lastKnownFileType = text.plist; path = Info.plist; sourceTree = "<group>"; };
		BA9E5582FFBD6F2A8F448FB6 /* V5_Lichtschalter.swift */ = {isa = PBXFileReference; lastKnownFileType = sourcecode.swift; path = V5_Lichtschalter.swift; sourceTree = "<group>"; };
		BF46CCA3A3C641B139A60DF2 /* DownloadManager.swift */ = {isa = PBXFileReference; lastKnownFileType = sourcecode.swift; path = DownloadManager.swift; sourceTree = "<group>"; };
		C0B484C2A8D1F657BFFE6914 /* OneDriveOAuth.swift */ = {isa = PBXFileReference; lastKnownFileType = sourcecode.swift; path = OneDriveOAuth.swift; sourceTree = "<group>"; };
		C27C18DB64D574D1F764A779 /* ChunkStore.swift */ = {isa = PBXFileReference; lastKnownFileType = sourcecode.swift; path = ChunkStore.swift; sourceTree = "<group>"; };
		C9A563F8262C0EA848592717 /* EmbeddingModelStore.swift */ = {isa = PBXFileReference; lastKnownFileType = sourcecode.swift; path = EmbeddingModelStore.swift; sourceTree = "<group>"; };
		CBE56CA1E705EFB7FB8E834E /* Info.plist */ = {isa = PBXFileReference; lastKnownFileType = text.plist; path = Info.plist; sourceTree = "<group>"; };
		CFB5C317CA373E3ABFFFCE8C /* Beat2EinstellungenView.swift */ = {isa = PBXFileReference; lastKnownFileType = sourcecode.swift; path = Beat2EinstellungenView.swift; sourceTree = "<group>"; };
		D2485A34FD661FF832A4A3DD /* KnowledgeView.swift */ = {isa = PBXFileReference; lastKnownFileType = sourcecode.swift; path = KnowledgeView.swift; sourceTree = "<group>"; };
		D50F802DF06392C4F0C055DA /* EmbeddingModel.swift */ = {isa = PBXFileReference; lastKnownFileType = sourcecode.swift; path = EmbeddingModel.swift; sourceTree = "<group>"; };
		D7DE9F32B174CE54BC3B49AE /* MessageBubble.swift */ = {isa = PBXFileReference; lastKnownFileType = sourcecode.swift; path = MessageBubble.swift; sourceTree = "<group>"; };
		D8A9CC4FDCBDC0E1B2C44FAB /* LokalUITests.xctest */ = {isa = PBXFileReference; includeInIndex = 0; lastKnownFileType = wrapper.cfbundle; path = LokalUITests.xctest; sourceTree = BUILT_PRODUCTS_DIR; };
		DB001BA1487BB35B006E006F /* CitationView.swift */ = {isa = PBXFileReference; lastKnownFileType = sourcecode.swift; path = CitationView.swift; sourceTree = "<group>"; };
		E0EEBF16DD761833CE071C3C /* ModelStore.swift */ = {isa = PBXFileReference; lastKnownFileType = sourcecode.swift; path = ModelStore.swift; sourceTree = "<group>"; };
		EB1713A1BF156CF3A85F0FC6 /* DocumentExtractor.swift */ = {isa = PBXFileReference; lastKnownFileType = sourcecode.swift; path = DocumentExtractor.swift; sourceTree = "<group>"; };
		EF28A6EBB73999FB08FD3E7A /* OnboardingFlow.swift */ = {isa = PBXFileReference; lastKnownFileType = sourcecode.swift; path = OnboardingFlow.swift; sourceTree = "<group>"; };
		EFCF75EA4554FBCB2E571CAF /* VectorStore.swift */ = {isa = PBXFileReference; lastKnownFileType = sourcecode.swift; path = VectorStore.swift; sourceTree = "<group>"; };
		EFD098F15F0E96E4357462DB /* EmbeddingModelSetupView.swift */ = {isa = PBXFileReference; lastKnownFileType = sourcecode.swift; path = EmbeddingModelSetupView.swift; sourceTree = "<group>"; };
		F24C662B2C5A20A6402C1184 /* AboutView.swift */ = {isa = PBXFileReference; lastKnownFileType = sourcecode.swift; path = AboutView.swift; sourceTree = "<group>"; };
		F360DC4F7A44DAB375FFA43C /* LokalUITests.swift */ = {isa = PBXFileReference; lastKnownFileType = sourcecode.swift; path = LokalUITests.swift; sourceTree = "<group>"; };
		F439352E837668B9B59A2E46 /* IndexingService.swift */ = {isa = PBXFileReference; lastKnownFileType = sourcecode.swift; path = IndexingService.swift; sourceTree = "<group>"; };
		F66EE0AF959167CDB53E0F1E /* Lokal.entitlements */ = {isa = PBXFileReference; lastKnownFileType = text.plist.entitlements; path = Lokal.entitlements; sourceTree = "<group>"; };
		F7DE319E6508E05150786AD2 /* V1_Atemzug.swift */ = {isa = PBXFileReference; lastKnownFileType = sourcecode.swift; path = V1_Atemzug.swift; sourceTree = "<group>"; };
		FE4FBA9E4466E75892E9759E /* DownloadManagerTests.swift */ = {isa = PBXFileReference; lastKnownFileType = sourcecode.swift; path = DownloadManagerTests.swift; sourceTree = "<group>"; };
		FFAA7A518B5E64312A4A1768 /* SettingsSheet.swift */ = {isa = PBXFileReference; lastKnownFileType = sourcecode.swift; path = SettingsSheet.swift; sourceTree = "<group>"; };
/* End PBXFileReference section */

/* Begin PBXFrameworksBuildPhase section */
		042CC9A3B823B134DEFCF3B4 /* Frameworks */ = {
			isa = PBXFrameworksBuildPhase;
			buildActionMask = 2147483647;
			files = (
				5EA60D780C4DE8F2F403083D /* llama.xcframework in Frameworks */,
				9421A44BEF31581A49C653A3 /* Accelerate.framework in Frameworks */,
				FDAEE53CC8163F0C9127338F /* Metal.framework in Frameworks */,
				C8D6B261C0E705BAAC853958 /* MetalKit.framework in Frameworks */,
				D1A871D4995E4CF7C1CB81DF /* USearch in Frameworks */,
				E8F29B8B92D91A27A4C80A73 /* KeychainAccess in Frameworks */,
				0AF20F14570F1E9D03E0565F /* MCP in Frameworks */,
			);
			runOnlyForDeploymentPostprocessing = 0;
		};
/* End PBXFrameworksBuildPhase section */

/* Begin PBXGroup section */
		188211223143FDF4E6EE1B36 /* Root */ = {
			isa = PBXGroup;
			children = (
				59D9F2F7ED6B66368D89EC57 /* RootView.swift */,
			);
			path = Root;
			sourceTree = "<group>";
		};
		1A32C0754D32C3E64BB09FBB /* LokalTests */ = {
			isa = PBXGroup;
			children = (
				FE4FBA9E4466E75892E9759E /* DownloadManagerTests.swift */,
				668B5889248D6A24022C05C0 /* InferenceSmokeTests.swift */,
				BA95DAD5902062C863199CAF /* Info.plist */,
				319CB23794BEC78A4D5C6229 /* LlamaEngineEdgeCaseTests.swift */,
				4606D94BCB9F10D2B174F58E /* LlamaEngineStopStringTests.swift */,
				2DE86296420EA04D828224D9 /* LlamaEngineTests.swift */,
			);
			path = LokalTests;
			sourceTree = "<group>";
		};
		24399FB8A2D41C0FA3D3C7F6 /* Library */ = {
			isa = PBXGroup;
			children = (
				B8C5404C814C06578433A9FC /* DownloadConfirmSheet.swift */,
				2F70492DF72EE0983EB328CF /* LibraryView.swift */,
				0DA9DBB3778A7C4F2CD97628 /* ModelDetailView.swift */,
				20E4454CAAF7F410F2290C50 /* ModelPickerSheet.swift */,
				9E18F8B7D3BD399B93F5796B /* ModelSwitchOverlay.swift */,
			);
			path = Library;
			sourceTree = "<group>";
		};
		52825B26D8981D2B5B70DD0E /* State */ = {
			isa = PBXGroup;
			children = (
				1CC044E3766456594DD98269 /* ChatStore.swift */,
				7B6198FDD73B6A6FF14E57E5 /* ConnectionStore.swift */,
				BF46CCA3A3C641B139A60DF2 /* DownloadManager.swift */,
				2423A596782F8D57D62E8C21 /* EmbeddingDownloader.swift */,
				C9A563F8262C0EA848592717 /* EmbeddingModelStore.swift */,
				8E5C0E4F8BBAB0D1E7BECAAF /* KnowledgeBaseStore.swift */,
				4CF22A7CEF4957A6878F70B1 /* MCPStore.swift */,
				E0EEBF16DD761833CE071C3C /* ModelStore.swift */,
			);
			path = State;
			sourceTree = "<group>";
		};
		5799FC8003FB5FCC07F68998 /* Lokal */ = {
			isa = PBXGroup;
			children = (
				D8ED11E94230DE9E1713E9A1 /* App */,
				CF5BE8360B9AA97493AF306B /* Engine */,
				FFA65D339EE1B628C0AACEAC /* Features */,
				CCE4657FEABFD08891948D95 /* MCP */,
				F5D4D2DAC3A2EAB2E8C171CF /* Models */,
				9506C4A113A0AFD3AF06BAE3 /* OAuth */,
				D97E899BA303FAD8522AE527 /* RAG */,
				CC3D4F35474EF5C6F5D73B55 /* Resources */,
				52825B26D8981D2B5B70DD0E /* State */,
				A3A0AD7E65BF899CC685E2E1 /* Assets.xcassets */,
				CBE56CA1E705EFB7FB8E834E /* Info.plist */,
				F66EE0AF959167CDB53E0F1E /* Lokal.entitlements */,
				0D943D4FC0E438403382E146 /* PrivacyInfo.xcprivacy */,
			);
			path = Lokal;
			sourceTree = "<group>";
		};
		740ECC8ED690AB72BCE0722F /* Chat */ = {
			isa = PBXGroup;
			children = (
				38412EBD2EE1559081A5B64C /* ChatView.swift */,
				DB001BA1487BB35B006E006F /* CitationView.swift */,
				D7DE9F32B174CE54BC3B49AE /* MessageBubble.swift */,
			);
			path = Chat;
			sourceTree = "<group>";
		};
		758C7D7CFED2DAB0B1554538 /* LokalUITests */ = {
			isa = PBXGroup;
			children = (
				F360DC4F7A44DAB375FFA43C /* LokalUITests.swift */,
			);
			path = LokalUITests;
			sourceTree = "<group>";
		};
		7B341F4F57C952CB9E297CF9 /* Frameworks */ = {
			isa = PBXGroup;
			children = (
				2B2F92476965AE6180081BA8 /* Accelerate.framework */,
				3C3DAFED611B9B874EEB6B3E /* llama.xcframework */,
				97CE37939AEA649153B4B965 /* Metal.framework */,
				41A7F6B4DC0D071CF7392915 /* MetalKit.framework */,
			);
			name = Frameworks;
			sourceTree = "<group>";
		};
		7CFC5427076C2686F22CDD77 = {
			isa = PBXGroup;
			children = (
				5799FC8003FB5FCC07F68998 /* Lokal */,
				1A32C0754D32C3E64BB09FBB /* LokalTests */,
				758C7D7CFED2DAB0B1554538 /* LokalUITests */,
				7B341F4F57C952CB9E297CF9 /* Frameworks */,
				A4BBD5AEB1471E3E1E66EF8D /* Products */,
			);
			sourceTree = "<group>";
		};
		8B6DD6DCC7976DDEFFDAA928 /* Knowledge */ = {
			isa = PBXGroup;
			children = (
				3107C3639B107EC59DCB9B92 /* AddSourceSheet.swift */,
				EFD098F15F0E96E4357462DB /* EmbeddingModelSetupView.swift */,
				D2485A34FD661FF832A4A3DD /* KnowledgeView.swift */,
			);
			path = Knowledge;
			sourceTree = "<group>";
		};
		9506C4A113A0AFD3AF06BAE3 /* OAuth */ = {
			isa = PBXGroup;
			children = (
				000A9BBE10AFA045FE88B646 /* GitHubOAuth.swift */,
				3BCB2BCD745037ADC1E14511 /* GoogleDriveOAuth.swift */,
				060B120B87BC77565BF326EA /* OAuthTokenVault.swift */,
				C0B484C2A8D1F657BFFE6914 /* OneDriveOAuth.swift */,
				48E7A058321856FB44E63B74 /* PKCE.swift */,
				4F3CDDA22321487AD879D447 /* WebAuthenticator.swift */,
			);
			path = OAuth;
			sourceTree = "<group>";
		};
		A4BBD5AEB1471E3E1E66EF8D /* Products */ = {
			isa = PBXGroup;
			children = (
				B5415EF58A37CFA08013E41C /* Lokal.app */,
				63CDD5924D02EA73B190D57B /* LokalTests.xctest */,
				D8A9CC4FDCBDC0E1B2C44FAB /* LokalUITests.xctest */,
			);
			name = Products;
			sourceTree = "<group>";
		};
		CC3D4F35474EF5C6F5D73B55 /* Resources */ = {
			isa = PBXGroup;
			children = (
			);
			path = Resources;
			sourceTree = "<group>";
		};
		CCE4657FEABFD08891948D95 /* MCP */ = {
			isa = PBXGroup;
			children = (
				8E974E926945CB2040F4AFE3 /* MCPClientService.swift */,
				76C590C80F21C9E8E46C331E /* ToolCallParser.swift */,
			);
			path = MCP;
			sourceTree = "<group>";
		};
		CF5BE8360B9AA97493AF306B /* Engine */ = {
			isa = PBXGroup;
			children = (
				479088E34650AA0D88456A3F /* FileLog.swift */,
				2F4CCB4145F35B30AB595A91 /* LlamaEmbeddingEngine.swift */,
				16D0FBA43A69AA55CCBAD046 /* LlamaEngine.swift */,
			);
			path = Engine;
			sourceTree = "<group>";
		};
		D0E4A1D9F2732419A4BF0373 /* Settings */ = {
			isa = PBXGroup;
			children = (
				F24C662B2C5A20A6402C1184 /* AboutView.swift */,
				631C8786EE9C1D67FD8FA755 /* ConnectionsSettingsView.swift */,
				7D8E08ED0A945DF166283220 /* LicensesView.swift */,
				7C66AE09CF5EE89A7D87B96B /* MCPServerListView.swift */,
				FFAA7A518B5E64312A4A1768 /* SettingsSheet.swift */,
			);
			path = Settings;
			sourceTree = "<group>";
		};
		D8ED11E94230DE9E1713E9A1 /* App */ = {
			isa = PBXGroup;
			children = (
				2F0ABDB42D91B77EE4E69E68 /* LokalApp.swift */,
			);
			path = App;
			sourceTree = "<group>";
		};
		D97E899BA303FAD8522AE527 /* RAG */ = {
			isa = PBXGroup;
			children = (
				9AE8A9E933DA43A200CA1F85 /* Chunker.swift */,
				C27C18DB64D574D1F764A779 /* ChunkStore.swift */,
				EB1713A1BF156CF3A85F0FC6 /* DocumentExtractor.swift */,
				F439352E837668B9B59A2E46 /* IndexingService.swift */,
				4F0988007C61D43253FCC3D5 /* KnowledgeBase.swift */,
				EFCF75EA4554FBCB2E571CAF /* VectorStore.swift */,
			);
			path = RAG;
			sourceTree = "<group>";
		};
		E069D6C8779DE219D6FD9407 /* Onboarding */ = {
			isa = PBXGroup;
			children = (
				280B09DA4CF9B3BE004DD436 /* Beat1Animator.swift */,
				0AFAF9A49728A152966F58E2 /* Beat1SternenwortView.swift */,
				CFB5C317CA373E3ABFFFCE8C /* Beat2EinstellungenView.swift */,
				EF28A6EBB73999FB08FD3E7A /* OnboardingFlow.swift */,
				2F9A777F4818406FD16DF8CC /* OnboardingPreferences.swift */,
				F7DE319E6508E05150786AD2 /* V1_Atemzug.swift */,
				71D600BEE1894DD5EB50A585 /* V2_Konstellation.swift */,
				2783D2D8D039CEB42C91BBD1 /* V3_Brief.swift */,
				AF3CEAC7CEB69CFC6DF6B3B1 /* V4_Tokens.swift */,
				BA9E5582FFBD6F2A8F448FB6 /* V5_Lichtschalter.swift */,
			);
			path = Onboarding;
			sourceTree = "<group>";
		};
		F5D4D2DAC3A2EAB2E8C171CF /* Models */ = {
			isa = PBXGroup;
			children = (
				96C5EA71ECB9F18CE8B27D51 /* ChatTemplate.swift */,
				D50F802DF06392C4F0C055DA /* EmbeddingModel.swift */,
				89AC14F3C0CBD86C081BDDAB /* Message.swift */,
				2C875722D9E4B5F713822E94 /* ModelCatalog.swift */,
				AB8448B535222318CAD778D7 /* ModelEntry.swift */,
			);
			path = Models;
			sourceTree = "<group>";
		};
		FFA65D339EE1B628C0AACEAC /* Features */ = {
			isa = PBXGroup;
			children = (
				740ECC8ED690AB72BCE0722F /* Chat */,
				8B6DD6DCC7976DDEFFDAA928 /* Knowledge */,
				24399FB8A2D41C0FA3D3C7F6 /* Library */,
				E069D6C8779DE219D6FD9407 /* Onboarding */,
				188211223143FDF4E6EE1B36 /* Root */,
				D0E4A1D9F2732419A4BF0373 /* Settings */,
			);
			path = Features;
			sourceTree = "<group>";
		};
/* End PBXGroup section */

/* Begin PBXNativeTarget section */
		0138B6660525E44E16001748 /* LokalTests */ = {
			isa = PBXNativeTarget;
			buildConfigurationList = E48BE81E00D1D785BFBB44F0 /* Build configuration list for PBXNativeTarget "LokalTests" */;
			buildPhases = (
				E8A6977CD2722D2ABB8A3D43 /* Sources */,
			);
			buildRules = (
			);
			dependencies = (
				2ABF38889D5643DA91DC5879 /* PBXTargetDependency */,
			);
			name = LokalTests;
			packageProductDependencies = (
			);
			productName = LokalTests;
			productReference = 63CDD5924D02EA73B190D57B /* LokalTests.xctest */;
			productType = "com.apple.product-type.bundle.unit-test";
		};
		4229C56BE2303845B23B174C /* Lokal */ = {
			isa = PBXNativeTarget;
			buildConfigurationList = 37AA792488C1CEE83CFE2079 /* Build configuration list for PBXNativeTarget "Lokal" */;
			buildPhases = (
				B41D037E52B7A395414313FE /* Sources */,
				5615E2BEF3B98F808AEA6D0B /* Resources */,
				042CC9A3B823B134DEFCF3B4 /* Frameworks */,
				C76E4052CC08CB6C1FDCE4CA /* Embed Frameworks */,
			);
			buildRules = (
			);
			dependencies = (
			);
			name = Lokal;
			packageProductDependencies = (
				DEE699E2BFB5F8235589350B /* USearch */,
				9C95438A4D41AC453D424AAC /* KeychainAccess */,
				596262882E81BC8276FF8A1C /* MCP */,
			);
			productName = Lokal;
			productReference = B5415EF58A37CFA08013E41C /* Lokal.app */;
			productType = "com.apple.product-type.application";
		};
		8119853BC718770777B21756 /* LokalUITests */ = {
			isa = PBXNativeTarget;
			buildConfigurationList = C3F350443CDCF96061705802 /* Build configuration list for PBXNativeTarget "LokalUITests" */;
			buildPhases = (
				86017B76BFA873DE7179781C /* Sources */,
			);
			buildRules = (
			);
			dependencies = (
				BE39730979481011F8090DDC /* PBXTargetDependency */,
			);
			name = LokalUITests;
			packageProductDependencies = (
			);
			productName = LokalUITests;
			productReference = D8A9CC4FDCBDC0E1B2C44FAB /* LokalUITests.xctest */;
			productType = "com.apple.product-type.bundle.ui-testing";
		};
/* End PBXNativeTarget section */

/* Begin PBXProject section */
		DEBA2D49AF9D6B0E44EEF531 /* Project object */ = {
			isa = PBXProject;
			attributes = {
				BuildIndependentTargetsInParallel = YES;
				LastUpgradeCheck = 2640;
				TargetAttributes = {
					4229C56BE2303845B23B174C = {
						DevelopmentTeam = SMPDFBGL64;
						ProvisioningStyle = Automatic;
					};
					8119853BC718770777B21756 = {
						TestTargetID = 4229C56BE2303845B23B174C;
					};
				};
			};
			buildConfigurationList = 3A29DD13C1FC6F10C6550419 /* Build configuration list for PBXProject "Lokal" */;
			developmentRegion = en;
			hasScannedForEncodings = 0;
			knownRegions = (
				Base,
				en,
			);
			mainGroup = 7CFC5427076C2686F22CDD77;
			minimizedProjectReferenceProxies = 1;
			packageReferences = (
				377A3D05FCE5407CF468CD9E /* XCRemoteSwiftPackageReference "KeychainAccess" */,
				CC52A13B36392A300DCDB7ED /* XCRemoteSwiftPackageReference "swift-sdk" */,
				D43F12F5A197AE18152275D2 /* XCRemoteSwiftPackageReference "usearch" */,
			);
			preferredProjectObjectVersion = 77;
			productRefGroup = A4BBD5AEB1471E3E1E66EF8D /* Products */;
			projectDirPath = "";
			projectRoot = "";
			targets = (
				4229C56BE2303845B23B174C /* Lokal */,
				0138B6660525E44E16001748 /* LokalTests */,
				8119853BC718770777B21756 /* LokalUITests */,
			);
		};
/* End PBXProject section */

/* Begin PBXResourcesBuildPhase section */
		5615E2BEF3B98F808AEA6D0B /* Resources */ = {
			isa = PBXResourcesBuildPhase;
			buildActionMask = 2147483647;
			files = (
				21D4735C90E1CF1E706DB704 /* Assets.xcassets in Resources */,
				9DC62D625CBB5D1DBCE2BFAB /* PrivacyInfo.xcprivacy in Resources */,
			);
			runOnlyForDeploymentPostprocessing = 0;
		};
/* End PBXResourcesBuildPhase section */

/* Begin PBXSourcesBuildPhase section */
		86017B76BFA873DE7179781C /* Sources */ = {
			isa = PBXSourcesBuildPhase;
			buildActionMask = 2147483647;
			files = (
				476FACD14C04A7EBDB7FE5EB /* LokalUITests.swift in Sources */,
			);
			runOnlyForDeploymentPostprocessing = 0;
		};
		B41D037E52B7A395414313FE /* Sources */ = {
			isa = PBXSourcesBuildPhase;
			buildActionMask = 2147483647;
			files = (
				31257027A53A583EE159EB5D /* AboutView.swift in Sources */,
				5A7E17D8081F7817BF4A190B /* AddSourceSheet.swift in Sources */,
				714C03BF3E82692685C8F2BD /* Beat1Animator.swift in Sources */,
				51A028A2402BCD73924D28C7 /* Beat1SternenwortView.swift in Sources */,
				C3B743967295C7DC59A771F3 /* Beat2EinstellungenView.swift in Sources */,
				6EDDB4C29BDF76DF3AB0A757 /* ChatStore.swift in Sources */,
				248C83212AEAB5CAA0B6AD0C /* ChatTemplate.swift in Sources */,
				8505AA6DAD6F32CE1375189F /* ChatView.swift in Sources */,
				D207BF88F31818E8B6D6D243 /* ChunkStore.swift in Sources */,
				63BD6188AADA5DDD48D25E6E /* Chunker.swift in Sources */,
				6D2056239C0A7224F56BD95B /* CitationView.swift in Sources */,
				C8D5D31B148E9A6EF5A1A7D9 /* ConnectionStore.swift in Sources */,
				0695BA95228327ED6B9CF4F2 /* ConnectionsSettingsView.swift in Sources */,
				D579FFA4628FC000C0980955 /* DocumentExtractor.swift in Sources */,
				3D547C3E4E72D797571F20DC /* DownloadConfirmSheet.swift in Sources */,
				D26EB2054BF0A96959A2131E /* DownloadManager.swift in Sources */,
				730076DA9433F7E92F3F36A1 /* EmbeddingDownloader.swift in Sources */,
				D3480EE31BADF43F9304F6F0 /* EmbeddingModel.swift in Sources */,
				7E7B084CAC490C1348BEC782 /* EmbeddingModelSetupView.swift in Sources */,
				913279F6E4650A68D1CBA1E2 /* EmbeddingModelStore.swift in Sources */,
				65CF6EB530A799D3358D5F25 /* FileLog.swift in Sources */,
				93988634713A6FD6128FBE95 /* GitHubOAuth.swift in Sources */,
				779D6A50242011E767AB7F87 /* GoogleDriveOAuth.swift in Sources */,
				0D008BCB194602204D0C64A9 /* IndexingService.swift in Sources */,
				FB167F6EC7717193BDFDC775 /* KnowledgeBase.swift in Sources */,
				2F1FB7B6710711EF91932A75 /* KnowledgeBaseStore.swift in Sources */,
				F02D5579756692F35CD4DC98 /* KnowledgeView.swift in Sources */,
				82680B4B07C933990D73BDB5 /* LibraryView.swift in Sources */,
				E942B8512F024AEDF441FCDF /* LicensesView.swift in Sources */,
				E3CBE37899E355D1D4FB1E41 /* LlamaEmbeddingEngine.swift in Sources */,
				561EFC0C8490C3AC2037B649 /* LlamaEngine.swift in Sources */,
				C41446C39E970FA2EDF67D74 /* LokalApp.swift in Sources */,
				ADAECF6980D956FD23C8BD57 /* MCPClientService.swift in Sources */,
				B3940701FA40CD51F54C005B /* MCPServerListView.swift in Sources */,
				BE774DAB753BE639D4138C90 /* MCPStore.swift in Sources */,
				C6B6A2AD3569665D5CB93B96 /* Message.swift in Sources */,
				5692990516831566E9FBFC59 /* MessageBubble.swift in Sources */,
				C04D8DC92D81B9B833A00767 /* ModelCatalog.swift in Sources */,
				1324C5E3ADC33FF0425EFA57 /* ModelDetailView.swift in Sources */,
				B23B6AE10A01B941536AA772 /* ModelEntry.swift in Sources */,
				564C890859C180765AB847B4 /* ModelPickerSheet.swift in Sources */,
				D00ECA0FBABBFBB75C20C0F4 /* ModelStore.swift in Sources */,
				209DBCAAEC7AC3B0B202F34F /* ModelSwitchOverlay.swift in Sources */,
				13303803B2ECCA011DA0A5E3 /* OAuthTokenVault.swift in Sources */,
				49662C667A15F5FAEAF1E419 /* OnboardingFlow.swift in Sources */,
				3C614316CD9B5FC005C55B2B /* OnboardingPreferences.swift in Sources */,
				FF0D2E235B7975ED60826A33 /* OneDriveOAuth.swift in Sources */,
				7CBBBB01895A31D059B090B5 /* PKCE.swift in Sources */,
				6C481564890BB778C1A101EF /* RootView.swift in Sources */,
				49CE1E9B56EB4C118A044C4A /* SettingsSheet.swift in Sources */,
				A9A7EE132BB0C0C029F271B4 /* ToolCallParser.swift in Sources */,
				F863B901697C5AF6C40E4676 /* V1_Atemzug.swift in Sources */,
				B9D141B3FE6752B3E0CF4C52 /* V2_Konstellation.swift in Sources */,
				E46AE130FE040167CCCBB9AB /* V3_Brief.swift in Sources */,
				6CEFF3925BCBFD42327B5681 /* V4_Tokens.swift in Sources */,
				FFC8FD70301F244187370E03 /* V5_Lichtschalter.swift in Sources */,
				6218EBA51E1E8A0EA11B5CF9 /* VectorStore.swift in Sources */,
				11B373378D6DBB249CEC31C3 /* WebAuthenticator.swift in Sources */,
			);
			runOnlyForDeploymentPostprocessing = 0;
		};
		E8A6977CD2722D2ABB8A3D43 /* Sources */ = {
			isa = PBXSourcesBuildPhase;
			buildActionMask = 2147483647;
			files = (
				3F586939FFC96FB97BBFD0B0 /* DownloadManagerTests.swift in Sources */,
				962D6CD7A06EAB8AB5D5A648 /* InferenceSmokeTests.swift in Sources */,
				914BC7ED87D5ACCDF53360AD /* LlamaEngineEdgeCaseTests.swift in Sources */,
				5DEA53E00234EA0DEC167B54 /* LlamaEngineStopStringTests.swift in Sources */,
				BBF5E0E4ABA3A82C88DDA6B6 /* LlamaEngineTests.swift in Sources */,
			);
			runOnlyForDeploymentPostprocessing = 0;
		};
/* End PBXSourcesBuildPhase section */

/* Begin PBXTargetDependency section */
		2ABF38889D5643DA91DC5879 /* PBXTargetDependency */ = {
			isa = PBXTargetDependency;
			target = 4229C56BE2303845B23B174C /* Lokal */;
			targetProxy = A4DD8238D4CB92A33076021B /* PBXContainerItemProxy */;
		};
		BE39730979481011F8090DDC /* PBXTargetDependency */ = {
			isa = PBXTargetDependency;
			target = 4229C56BE2303845B23B174C /* Lokal */;
			targetProxy = E1DEF75F9079604508CD31EB /* PBXContainerItemProxy */;
		};
/* End PBXTargetDependency section */

/* Begin XCBuildConfiguration section */
		2A6A4BBF9AAD2FFA0F6EE5CC /* Debug */ = {
			isa = XCBuildConfiguration;
			buildSettings = {
				BUNDLE_LOADER = "$(TEST_HOST)";
				GENERATE_INFOPLIST_FILE = YES;
				LD_RUNPATH_SEARCH_PATHS = (
					"$(inherited)",
					"@executable_path/Frameworks",
					"@loader_path/Frameworks",
				);
				PRODUCT_BUNDLE_IDENTIFIER = de.lokal.uitests;
				SDKROOT = iphoneos;
				TARGETED_DEVICE_FAMILY = "1,2";
				TEST_TARGET_NAME = Lokal;
			};
			name = Debug;
		};
		2B4C9DE7FD7EC5CAABAFAE0C /* Debug */ = {
			isa = XCBuildConfiguration;
			buildSettings = {
				BUNDLE_LOADER = "$(TEST_HOST)";
				INFOPLIST_FILE = LokalTests/Info.plist;
				LD_RUNPATH_SEARCH_PATHS = (
					"$(inherited)",
					"@executable_path/Frameworks",
					"@loader_path/Frameworks",
				);
				PRODUCT_BUNDLE_IDENTIFIER = com.slavkoklincov.LokalTests;
				SDKROOT = iphoneos;
				TARGETED_DEVICE_FAMILY = "1,2";
				TEST_HOST = "$(BUILT_PRODUCTS_DIR)/Lokal.app/Lokal";
			};
			name = Debug;
		};
		335FBDDAF3744E794A926DA4 /* Release */ = {
			isa = XCBuildConfiguration;
			buildSettings = {
				ALWAYS_SEARCH_USER_PATHS = NO;
				CLANG_ANALYZER_NONNULL = YES;
				CLANG_ANALYZER_NUMBER_OBJECT_CONVERSION = YES_AGGRESSIVE;
				CLANG_CXX_LANGUAGE_STANDARD = "gnu++14";
				CLANG_CXX_LIBRARY = "libc++";
				CLANG_ENABLE_MODULES = YES;
				CLANG_ENABLE_OBJC_ARC = YES;
				CLANG_ENABLE_OBJC_WEAK = YES;
				CLANG_WARN_BLOCK_CAPTURE_AUTORELEASING = YES;
				CLANG_WARN_BOOL_CONVERSION = YES;
				CLANG_WARN_COMMA = YES;
				CLANG_WARN_CONSTANT_CONVERSION = YES;
				CLANG_WARN_DEPRECATED_OBJC_IMPLEMENTATIONS = YES;
				CLANG_WARN_DIRECT_OBJC_ISA_USAGE = YES_ERROR;
				CLANG_WARN_DOCUMENTATION_COMMENTS = YES;
				CLANG_WARN_EMPTY_BODY = YES;
				CLANG_WARN_ENUM_CONVERSION = YES;
				CLANG_WARN_INFINITE_RECURSION = YES;
				CLANG_WARN_INT_CONVERSION = YES;
				CLANG_WARN_NON_LITERAL_NULL_CONVERSION = YES;
				CLANG_WARN_OBJC_IMPLICIT_RETAIN_SELF = YES;
				CLANG_WARN_OBJC_LITERAL_CONVERSION = YES;
				CLANG_WARN_OBJC_ROOT_CLASS = YES_ERROR;
				CLANG_WARN_QUOTED_INCLUDE_IN_FRAMEWORK_HEADER = YES;
				CLANG_WARN_RANGE_LOOP_ANALYSIS = YES;
				CLANG_WARN_STRICT_PROTOTYPES = YES;
				CLANG_WARN_SUSPICIOUS_MOVE = YES;
				CLANG_WARN_UNGUARDED_AVAILABILITY = YES_AGGRESSIVE;
				CLANG_WARN_UNREACHABLE_CODE = YES;
				CLANG_WARN__DUPLICATE_METHOD_MATCH = YES;
				COPY_PHASE_STRIP = NO;
				DEAD_CODE_STRIPPING = YES;
				DEBUG_INFORMATION_FORMAT = "dwarf-with-dsym";
				ENABLE_NS_ASSERTIONS = NO;
				ENABLE_STRICT_OBJC_MSGSEND = YES;
				ENABLE_USER_SCRIPT_SANDBOXING = NO;
				GCC_C_LANGUAGE_STANDARD = gnu11;
				GCC_NO_COMMON_BLOCKS = YES;
				GCC_WARN_64_TO_32_BIT_CONVERSION = YES;
				GCC_WARN_ABOUT_RETURN_TYPE = YES_ERROR;
				GCC_WARN_UNDECLARED_SELECTOR = YES;
				GCC_WARN_UNINITIALIZED_AUTOS = YES_AGGRESSIVE;
				GCC_WARN_UNUSED_FUNCTION = YES;
				GCC_WARN_UNUSED_VARIABLE = YES;
				IPHONEOS_DEPLOYMENT_TARGET = 17.0;
				MTL_ENABLE_DEBUG_INFO = NO;
				MTL_FAST_MATH = YES;
				OTHER_LDFLAGS = "-lc++";
				PRODUCT_NAME = "$(TARGET_NAME)";
				SDKROOT = iphoneos;
				SWIFT_COMPILATION_MODE = wholemodule;
				SWIFT_EMIT_LOC_STRINGS = YES;
				SWIFT_OPTIMIZATION_LEVEL = "-O";
				SWIFT_STRICT_CONCURRENCY = minimal;
				SWIFT_VERSION = 5.10;
			};
			name = Release;
		};
		5859D93166AD354732E2C8F6 /* Release */ = {
			isa = XCBuildConfiguration;
			buildSettings = {
				ASSETCATALOG_COMPILER_APPICON_NAME = AppIcon;
				ASSETCATALOG_COMPILER_GLOBAL_ACCENT_COLOR_NAME = AccentColor;
				CODE_SIGN_IDENTITY = "iPhone Developer";
				CODE_SIGN_STYLE = Automatic;
				CURRENT_PROJECT_VERSION = 1;
				DEVELOPMENT_TEAM = SMPDFBGL64;
				ENABLE_PREVIEWS = YES;
				FRAMEWORK_SEARCH_PATHS = (
					"$(PROJECT_DIR)/Frameworks",
					"\"Frameworks\"",
				);
				INFOPLIST_FILE = Lokal/Info.plist;
				LD_RUNPATH_SEARCH_PATHS = (
					"$(inherited)",
					"@executable_path/Frameworks",
				);
				MARKETING_VERSION = 1.0;
				OTHER_LDFLAGS = (
					"-lc++",
					"-framework",
					Accelerate,
					"-framework",
					Metal,
					"-framework",
					MetalKit,
					"-framework",
					Foundation,
				);
				PRODUCT_BUNDLE_IDENTIFIER = com.slavkoklincov.lokal;
				SDKROOT = iphoneos;
				SUPPORTS_MACCATALYST = NO;
				TARGETED_DEVICE_FAMILY = 1;
			};
			name = Release;
		};
		7895E20008615AEC35A84232 /* Release */ = {
			isa = XCBuildConfiguration;
			buildSettings = {
				BUNDLE_LOADER = "$(TEST_HOST)";
				INFOPLIST_FILE = LokalTests/Info.plist;
				LD_RUNPATH_SEARCH_PATHS = (
					"$(inherited)",
					"@executable_path/Frameworks",
					"@loader_path/Frameworks",
				);
				PRODUCT_BUNDLE_IDENTIFIER = com.slavkoklincov.LokalTests;
				SDKROOT = iphoneos;
				TARGETED_DEVICE_FAMILY = "1,2";
				TEST_HOST = "$(BUILT_PRODUCTS_DIR)/Lokal.app/Lokal";
			};
			name = Release;
		};
		816730CC45E971B32893FE56 /* Release */ = {
			isa = XCBuildConfiguration;
			buildSettings = {
				BUNDLE_LOADER = "$(TEST_HOST)";
				GENERATE_INFOPLIST_FILE = YES;
				LD_RUNPATH_SEARCH_PATHS = (
					"$(inherited)",
					"@executable_path/Frameworks",
					"@loader_path/Frameworks",
				);
				PRODUCT_BUNDLE_IDENTIFIER = de.lokal.uitests;
				SDKROOT = iphoneos;
				TARGETED_DEVICE_FAMILY = "1,2";
				TEST_TARGET_NAME = Lokal;
			};
			name = Release;
		};
		A6AA9F37D6C704F76DA73440 /* Debug */ = {
			isa = XCBuildConfiguration;
			buildSettings = {
				ALWAYS_SEARCH_USER_PATHS = NO;
				CLANG_ANALYZER_NONNULL = YES;
				CLANG_ANALYZER_NUMBER_OBJECT_CONVERSION = YES_AGGRESSIVE;
				CLANG_CXX_LANGUAGE_STANDARD = "gnu++14";
				CLANG_CXX_LIBRARY = "libc++";
				CLANG_ENABLE_MODULES = YES;
				CLANG_ENABLE_OBJC_ARC = YES;
				CLANG_ENABLE_OBJC_WEAK = YES;
				CLANG_WARN_BLOCK_CAPTURE_AUTORELEASING = YES;
				CLANG_WARN_BOOL_CONVERSION = YES;
				CLANG_WARN_COMMA = YES;
				CLANG_WARN_CONSTANT_CONVERSION = YES;
				CLANG_WARN_DEPRECATED_OBJC_IMPLEMENTATIONS = YES;
				CLANG_WARN_DIRECT_OBJC_ISA_USAGE = YES_ERROR;
				CLANG_WARN_DOCUMENTATION_COMMENTS = YES;
				CLANG_WARN_EMPTY_BODY = YES;
				CLANG_WARN_ENUM_CONVERSION = YES;
				CLANG_WARN_INFINITE_RECURSION = YES;
				CLANG_WARN_INT_CONVERSION = YES;
				CLANG_WARN_NON_LITERAL_NULL_CONVERSION = YES;
				CLANG_WARN_OBJC_IMPLICIT_RETAIN_SELF = YES;
				CLANG_WARN_OBJC_LITERAL_CONVERSION = YES;
				CLANG_WARN_OBJC_ROOT_CLASS = YES_ERROR;
				CLANG_WARN_QUOTED_INCLUDE_IN_FRAMEWORK_HEADER = YES;
				CLANG_WARN_RANGE_LOOP_ANALYSIS = YES;
				CLANG_WARN_STRICT_PROTOTYPES = YES;
				CLANG_WARN_SUSPICIOUS_MOVE = YES;
				CLANG_WARN_UNGUARDED_AVAILABILITY = YES_AGGRESSIVE;
				CLANG_WARN_UNREACHABLE_CODE = YES;
				CLANG_WARN__DUPLICATE_METHOD_MATCH = YES;
				COPY_PHASE_STRIP = NO;
				DEAD_CODE_STRIPPING = YES;
				DEBUG_INFORMATION_FORMAT = dwarf;
				ENABLE_STRICT_OBJC_MSGSEND = YES;
				ENABLE_TESTABILITY = YES;
				ENABLE_USER_SCRIPT_SANDBOXING = NO;
				GCC_C_LANGUAGE_STANDARD = gnu11;
				GCC_DYNAMIC_NO_PIC = NO;
				GCC_NO_COMMON_BLOCKS = YES;
				GCC_OPTIMIZATION_LEVEL = 0;
				GCC_PREPROCESSOR_DEFINITIONS = (
					"$(inherited)",
					"DEBUG=1",
				);
				GCC_WARN_64_TO_32_BIT_CONVERSION = YES;
				GCC_WARN_ABOUT_RETURN_TYPE = YES_ERROR;
				GCC_WARN_UNDECLARED_SELECTOR = YES;
				GCC_WARN_UNINITIALIZED_AUTOS = YES_AGGRESSIVE;
				GCC_WARN_UNUSED_FUNCTION = YES;
				GCC_WARN_UNUSED_VARIABLE = YES;
				IPHONEOS_DEPLOYMENT_TARGET = 17.0;
				MTL_ENABLE_DEBUG_INFO = INCLUDE_SOURCE;
				MTL_FAST_MATH = YES;
				ONLY_ACTIVE_ARCH = YES;
				OTHER_LDFLAGS = "-lc++";
				PRODUCT_NAME = "$(TARGET_NAME)";
				SDKROOT = iphoneos;
				SWIFT_ACTIVE_COMPILATION_CONDITIONS = DEBUG;
				SWIFT_EMIT_LOC_STRINGS = YES;
				SWIFT_OPTIMIZATION_LEVEL = "-Onone";
				SWIFT_STRICT_CONCURRENCY = minimal;
				SWIFT_VERSION = 5.10;
			};
			name = Debug;
		};
		EA2EAC09D3CAF6DAAD108CAD /* Debug */ = {
			isa = XCBuildConfiguration;
			buildSettings = {
				ASSETCATALOG_COMPILER_APPICON_NAME = AppIcon;
				ASSETCATALOG_COMPILER_GLOBAL_ACCENT_COLOR_NAME = AccentColor;
				CODE_SIGN_IDENTITY = "iPhone Developer";
				CODE_SIGN_STYLE = Automatic;
				CURRENT_PROJECT_VERSION = 1;
				DEVELOPMENT_TEAM = SMPDFBGL64;
				ENABLE_PREVIEWS = YES;
				FRAMEWORK_SEARCH_PATHS = (
					"$(PROJECT_DIR)/Frameworks",
					"\"Frameworks\"",
				);
				INFOPLIST_FILE = Lokal/Info.plist;
				LD_RUNPATH_SEARCH_PATHS = (
					"$(inherited)",
					"@executable_path/Frameworks",
				);
				MARKETING_VERSION = 1.0;
				OTHER_LDFLAGS = (
					"-lc++",
					"-framework",
					Accelerate,
					"-framework",
					Metal,
					"-framework",
					MetalKit,
					"-framework",
					Foundation,
				);
				PRODUCT_BUNDLE_IDENTIFIER = com.slavkoklincov.lokal;
				SDKROOT = iphoneos;
				SUPPORTS_MACCATALYST = NO;
				TARGETED_DEVICE_FAMILY = 1;
			};
			name = Debug;
		};
/* End XCBuildConfiguration section */

/* Begin XCConfigurationList section */
		37AA792488C1CEE83CFE2079 /* Build configuration list for PBXNativeTarget "Lokal" */ = {
			isa = XCConfigurationList;
			buildConfigurations = (
				EA2EAC09D3CAF6DAAD108CAD /* Debug */,
				5859D93166AD354732E2C8F6 /* Release */,
			);
			defaultConfigurationIsVisible = 0;
			defaultConfigurationName = Debug;
		};
		3A29DD13C1FC6F10C6550419 /* Build configuration list for PBXProject "Lokal" */ = {
			isa = XCConfigurationList;
			buildConfigurations = (
				A6AA9F37D6C704F76DA73440 /* Debug */,
				335FBDDAF3744E794A926DA4 /* Release */,
			);
			defaultConfigurationIsVisible = 0;
			defaultConfigurationName = Debug;
		};
		C3F350443CDCF96061705802 /* Build configuration list for PBXNativeTarget "LokalUITests" */ = {
			isa = XCConfigurationList;
			buildConfigurations = (
				2A6A4BBF9AAD2FFA0F6EE5CC /* Debug */,
				816730CC45E971B32893FE56 /* Release */,
			);
			defaultConfigurationIsVisible = 0;
			defaultConfigurationName = Debug;
		};
		E48BE81E00D1D785BFBB44F0 /* Build configuration list for PBXNativeTarget "LokalTests" */ = {
			isa = XCConfigurationList;
			buildConfigurations = (
				2B4C9DE7FD7EC5CAABAFAE0C /* Debug */,
				7895E20008615AEC35A84232 /* Release */,
			);
			defaultConfigurationIsVisible = 0;
			defaultConfigurationName = Debug;
		};
/* End XCConfigurationList section */

/* Begin XCRemoteSwiftPackageReference section */
		377A3D05FCE5407CF468CD9E /* XCRemoteSwiftPackageReference "KeychainAccess" */ = {
			isa = XCRemoteSwiftPackageReference;
			repositoryURL = "https://github.com/kishikawakatsumi/KeychainAccess";
			requirement = {
				kind = upToNextMajorVersion;
				minimumVersion = 4.2.2;
			};
		};
		CC52A13B36392A300DCDB7ED /* XCRemoteSwiftPackageReference "swift-sdk" */ = {
			isa = XCRemoteSwiftPackageReference;
			repositoryURL = "https://github.com/modelcontextprotocol/swift-sdk";
			requirement = {
				kind = upToNextMajorVersion;
				minimumVersion = 0.11.0;
			};
		};
		D43F12F5A197AE18152275D2 /* XCRemoteSwiftPackageReference "usearch" */ = {
			isa = XCRemoteSwiftPackageReference;
			repositoryURL = "https://github.com/unum-cloud/usearch";
			requirement = {
				kind = upToNextMajorVersion;
				minimumVersion = 2.21.0;
			};
		};
/* End XCRemoteSwiftPackageReference section */

/* Begin XCSwiftPackageProductDependency section */
		596262882E81BC8276FF8A1C /* MCP */ = {
			isa = XCSwiftPackageProductDependency;
			package = CC52A13B36392A300DCDB7ED /* XCRemoteSwiftPackageReference "swift-sdk" */;
			productName = MCP;
		};
		9C95438A4D41AC453D424AAC /* KeychainAccess */ = {
			isa = XCSwiftPackageProductDependency;
			package = 377A3D05FCE5407CF468CD9E /* XCRemoteSwiftPackageReference "KeychainAccess" */;
			productName = KeychainAccess;
		};
		DEE699E2BFB5F8235589350B /* USearch */ = {
			isa = XCSwiftPackageProductDependency;
			package = D43F12F5A197AE18152275D2 /* XCRemoteSwiftPackageReference "usearch" */;
			productName = USearch;
		};
/* End XCSwiftPackageProductDependency section */
	};
	rootObject = DEBA2D49AF9D6B0E44EEF531 /* Project object */;
}
